
Microsoft Visual Studio Solution File, Format Version 12.00
# Visual Studio Version 16
VisualStudioVersion = 16.0.30128.74
MinimumVisualStudioVersion = 10.0.40219.1
Project("{9A19103F-16F7-4668-BE54-9A1E7A4F7556}") = "Server", "Server\Server.csproj", "{2A41E097-A358-46AB-9F66-8491EA1EE7DE}"
EndProject
Project("{FAE04EC0-301F-11D3-BF4B-00C04F79EFBC}") = "ServerTest", "ServerTest\ServerTest.csproj", "{CE89B6DA-BC8B-4171-BD49-92F7FE9A585D}"
EndProject
Project("{2150E333-8FDC-42A3-9474-1A3956D46DE8}") = "Solution Items", "Solution Items", "{BAB53914-A4C2-4096-B3F8-FDFD34EC3799}"
	ProjectSection(SolutionItems) = preProject
		.editorconfig = .editorconfig
	EndProjectSection
EndProject
Global
	GlobalSection(SolutionConfigurationPlatforms) = preSolution
		Debug|Any CPU = Debug|Any CPU
		Release|Any CPU = Release|Any CPU
	EndGlobalSection
	GlobalSection(ProjectConfigurationPlatforms) = postSolution
		{2A41E097-A358-46AB-9F66-8491EA1EE7DE}.Debug|Any CPU.ActiveCfg = Debug|Any CPU
		{2A41E097-A358-46AB-9F66-8491EA1EE7DE}.Debug|Any CPU.Build.0 = Debug|Any CPU
		{2A41E097-A358-46AB-9F66-8491EA1EE7DE}.Release|Any CPU.ActiveCfg = Release|Any CPU
		{2A41E097-A358-46AB-9F66-8491EA1EE7DE}.Release|Any CPU.Build.0 = Release|Any CPU
		{CE89B6DA-BC8B-4171-BD49-92F7FE9A585D}.Debug|Any CPU.ActiveCfg = Debug|Any CPU
		{CE89B6DA-BC8B-4171-BD49-92F7FE9A585D}.Debug|Any CPU.Build.0 = Debug|Any CPU
		{CE89B6DA-BC8B-4171-BD49-92F7FE9A585D}.Release|Any CPU.ActiveCfg = Release|Any CPU
		{CE89B6DA-BC8B-4171-BD49-92F7FE9A585D}.Release|Any CPU.Build.0 = Release|Any CPU
	EndGlobalSection
	GlobalSection(SolutionProperties) = preSolution
		HideSolutionNode = FALSE
	EndGlobalSection
	GlobalSection(ExtensibilityGlobals) = postSolution
		SolutionGuid = {5D6E6073-1182-4C8A-9505-3C0285F62170}
	EndGlobalSection
EndGlobal
